lockfileVersion: '9.0'

settings:
  autoInstallPeers: true
  excludeLinksFromLockfile: false

importers:

  .:
    dependencies:
      postcss:
        specifier: ^8.5.19
        version: 8.5.19
      vuetify:
        specifier: '>=3.0.0'
        version: 4.1.5(vue@3.5.40)

packages:

  '@babel/helper-string-parser@7.29.7':
    resolution: {integrity: sha512-Pb5ijPrZ89GDH8223L4UP8i6QApWxs04RbPQJTeWDV0/keR2E36MeKnyr6LYmUUvqRRI+Iv87SuF1W6ErINzYw==}
    engines: {node: '>=6.9.0'}

  '@babel/helper-validator-identifier@7.29.7':
    resolution: {integrity: sha512-qehxGkRj55h/ff8EMaJ+cYhyaKlHIxqYDn682wQD7RNp9UujOQsHog2uS0r2vzr4pW+sXf90NeeayjcNaX3fFg==}
    engines: {node: '>=6.9.0'}

  '@babel/parser@7.29.7':
    resolution: {integrity: sha512-hnORnjP/1P/zFEndoeX+n+t1RwWRJiJpM/jO7FW32Kn9r5+sJB2JWOdYo4L6k78j15eCwY3Gm/7364B1EMwtNg==}
    engines: {node: '>=6.0.0'}
    hasBin: true

  '@babel/types@7.29.7':
    resolution: {integrity: sha512-4zBIxpPzowiZpusoFkyGVwakdRJUyuH5PxQ/PrqghfdFWWasvnCdPfQXHrenDai+gyLARulZjZowCOj6fjT4pA==}
    engines: {node: '>=6.9.0'}

  '@jridgewell/sourcemap-codec@1.5.5':
    resolution: {integrity: sha512-cYQ9310grqxueWbl+WuIUIaiUaDcj7WOq5fVhEljNVgRfOUhY9fy2zTvfoqWsnebh8Sl70VScFbICvJnLKB0Og==}

  '@vue/compiler-core@3.5.40':
    resolution: {integrity: sha512-39E8IgOhTbVDnoJFMKc2DvYnypcZwUqgUhQkccva/0m6FUwtIKSGV7n1hpVmYcFaoRAwf9pBcwnKlCEsN63ZEQ==}

  '@vue/compiler-dom@3.5.40':
    resolution: {integrity: sha512-pwkx4vqlqOspFstrcmzwkKLePVMD3PT65imRzLhanU2V1Fj4K13g6OXjanOyzw3aTAuRk84BOmY8f3rEHqPaVA==}

  '@vue/compiler-sfc@3.5.40':
    resolution: {integrity: sha512-gIf497P4kpuALcvs5n3AEg1Vdn0pSY4XbjASIfHNYF1/MP3T2Mf2STERTubysBxCRxzJGJYtF/O7vwJrxFB3Vw==}

  '@vue/compiler-ssr@3.5.40':
    resolution: {integrity: sha512-rrE5xiXG663+vHCHa3J9p2z5OcBRjXmoqenprJxAFQxg5pSshzeBiCE6pu46axapRJ2Adk0YDA2BRZVjiHXnhg==}

  '@vue/reactivity@3.5.40':
    resolution: {integrity: sha512-B7ot9UlUZOi1zbq61/LvE88ZLTV8IlajTdiZTAEiDQgrnIMIZoPr9kGw0Zw46ObW62O9+H/Be3kMbfb7kYPQZA==}

  '@vue/runtime-core@3.5.40':
    resolution: {integrity: sha512-KAZLweuZ6uUJPK1PMSQPgBU5gCjgrrfjUhSglmU9NhH+Zjepa8cnwSydPWDWHDwOgY4g3VcZ+PljbiHlURNCbw==}

  '@vue/runtime-dom@3.5.40':
    resolution: {integrity: sha512-ZfrX8ssZQds900L9pr8AuK05ddnMsR4MPMZr8cPN9GoqoPWcXLhjvvbIA2SMv+7a97sJ1vv9pj/zxK0Cq/eEFQ==}

  '@vue/server-renderer@3.5.40':
    resolution: {integrity: sha512-XNJym9WpevhTVt1HuwOrCRJ5Q+9z4BjTMrDtjTrvx74SmUll8spNTw6whWJa9mEkO4PKn5TihI/bm/8ds2QVJw==}

  '@vue/shared@3.5.40':
    resolution: {integrity: sha512-WxnBtruIqOoV3rA4jeKDWzrYI5h7Cp4+pjwDi8kWGHz+IslhiN+wguLVVhtv2l8VoU02rzDCVfDjgCl1lNpZVg==}

  csstype@3.2.3:
    resolution: {integrity: sha512-z1HGKcYy2xA8AGQfwrn0PAy+PB7X/GSj3UVJW9qKyn43xWa+gl5nXmU4qqLMRzWVLFC8KusUX8T/0kCiOYpAIQ==}

  entities@7.0.1:
    resolution: {integrity: sha512-TWrgLOFUQTH994YUyl1yT4uyavY5nNB5muff+RtWaqNVCAK408b5ZnnbNAUEWLTCpum9w6arT70i1XdQ4UeOPA==}
    engines: {node: '>=0.12'}

  estree-walker@2.0.2:
    resolution: {integrity: sha512-Rfkk/Mp/DL7JVje3u18FxFujQlTNR2q6QfMSMB7AvCBx91NGj/ba3kCfza0f6dVDbw7YlRf/nDrn7pQrCCyQ/w==}

  magic-string@0.30.21:
    resolution: {integrity: sha512-vd2F4YUyEXKGcLHoq+TEyCjxueSeHnFxyyjNp80yg0XV4vUhnDer/lvvlqM/arB5bXQN5K2/3oinyCRyx8T2CQ==}

  nanoid@3.3.16:
    resolution: {integrity: sha512-bzlKTyNJ7+LdGIIwy8ijFpIqEQIvafahV7eYykJ8Cvh42EdJeODoJ6gUJXpQJvej1BddH8OqTXZNE/KfbWAu8Q==}
    engines: {node: ^10 || ^12 || ^13.7 || ^14 || >=15.0.1}
    hasBin: true

  picocolors@1.1.1:
    resolution: {integrity: sha512-xceH2snhtb5M9liqDsmEw56le376mTZkEX/jEb/RxNFyegNul7eNslCXP9FDj/Lcu0X8KEyMceP2ntpaHrDEVA==}

  postcss@8.5.19:
    resolution: {integrity: sha512-Mz8SaolMd8nB+G13WkORcxQKHZ/NE4xXevtkJHVuG+guo9/wYKlIMTKAqGdEmYOXR2ijPjTYNHssizdaVSUNdQ==}
    engines: {node: ^10 || ^12 || >=14}

  source-map-js@1.2.1:
    resolution: {integrity: sha512-UXWMKhLOwVKb728IUtQPXxfYU+usdybtUrK/8uGE8CQMvrhOpwvzDBwj0QhSL7MQc7vIsISBG8VQ8+IDQxpfQA==}
    engines: {node: '>=0.10.0'}

  vue@3.5.40:
    resolution: {integrity: sha512-+8PJ4SJXdn/cHGImF4CKdxlWHIN5Dkt7DoufRREM6h6uVCx2m7QxgcEQmmzyOK8A9mcafg7sFbJFYsdFVubTig==}
    peerDependencies:
      typescript: '*'
    peerDependenciesMeta:
      typescript:
        optional: true

  vuetify@4.1.5:
    resolution: {integrity: sha512-cR3XMzWbVll9wSdarhH7asT27zm23rMNM5dQ9pMGwTPGwEm0km8mY6ERJAGHIa/nMw0pYXWHjf1O9qJ/0PtZCQ==}
    peerDependencies:
      typescript: '>=4.7'
      vite-plugin-vuetify: '>=2.1.0'
      vue: ^3.5.0
      webpack-plugin-vuetify: '>=3.1.0'
    peerDependenciesMeta:
      typescript:
        optional: true
      vite-plugin-vuetify:
        optional: true
      webpack-plugin-vuetify:
        optional: true

snapshots:

  '@babel/helper-string-parser@7.29.7': {}

  '@babel/helper-validator-identifier@7.29.7': {}

  '@babel/parser@7.29.7':
    dependencies:
      '@babel/types': 7.29.7

  '@babel/types@7.29.7':
    dependencies:
      '@babel/helper-string-parser': 7.29.7
      '@babel/helper-validator-identifier': 7.29.7

  '@jridgewell/sourcemap-codec@1.5.5': {}

  '@vue/compiler-core@3.5.40':
    dependencies:
      '@babel/parser': 7.29.7
      '@vue/shared': 3.5.40
      entities: 7.0.1
      estree-walker: 2.0.2
      source-map-js: 1.2.1

  '@vue/compiler-dom@3.5.40':
    dependencies:
      '@vue/compiler-core': 3.5.40
      '@vue/shared': 3.5.40

  '@vue/compiler-sfc@3.5.40':
    dependencies:
      '@babel/parser': 7.29.7
      '@vue/compiler-core': 3.5.40
      '@vue/compiler-dom': 3.5.40
      '@vue/compiler-ssr': 3.5.40
      '@vue/shared': 3.5.40
      estree-walker: 2.0.2
      magic-string: 0.30.21
      postcss: 8.5.19
      source-map-js: 1.2.1

  '@vue/compiler-ssr@3.5.40':
    dependencies:
      '@vue/compiler-dom': 3.5.40
      '@vue/shared': 3.5.40

  '@vue/reactivity@3.5.40':
    dependencies:
      '@vue/shared': 3.5.40

  '@vue/runtime-core@3.5.40':
    dependencies:
      '@vue/reactivity': 3.5.40
      '@vue/shared': 3.5.40

  '@vue/runtime-dom@3.5.40':
    dependencies:
      '@vue/reactivity': 3.5.40
      '@vue/runtime-core': 3.5.40
      '@vue/shared': 3.5.40
      csstype: 3.2.3

  '@vue/server-renderer@3.5.40':
    dependencies:
      '@vue/compiler-ssr': 3.5.40
      '@vue/runtime-dom': 3.5.40
      '@vue/shared': 3.5.40

  '@vue/shared@3.5.40': {}

  csstype@3.2.3: {}

  entities@7.0.1: {}

  estree-walker@2.0.2: {}

  magic-string@0.30.21:
    dependencies:
      '@jridgewell/sourcemap-codec': 1.5.5

  nanoid@3.3.16: {}

  picocolors@1.1.1: {}

  postcss@8.5.19:
    dependencies:
      nanoid: 3.3.16
      picocolors: 1.1.1
      source-map-js: 1.2.1

  source-map-js@1.2.1: {}

  vue@3.5.40:
    dependencies:
      '@vue/compiler-dom': 3.5.40
      '@vue/compiler-sfc': 3.5.40
      '@vue/runtime-dom': 3.5.40
      '@vue/server-renderer': 3.5.40
      '@vue/shared': 3.5.40

  vuetify@4.1.5(vue@3.5.40):
    dependencies:
      vue: 3.5.40
